
Microsoft Visual Studio Solution File, Format Version 12.00
# Visual Studio Version 16
VisualStudioVersion = 16.0.29102.190
MinimumVisualStudioVersion = 10.0.40219.1
Project("{9A19103F-16F7-4668-BE54-9A1E7A4F7556}") = "Playground.Core", "Playground.Core\Playground.Core.csproj", "{EA2234AA-4F99-4CC1-9BBA-C5D29E730AE6}"
EndProject
Project("{FAE04EC0-301F-11D3-BF4B-00C04F79EFBC}") = "Playground.Droid", "Playground.Droid\Playground.Droid.csproj", "{1D75DD36-C765-4B27-8A80-AA4C1F854234}"
EndProject
Project("{FAE04EC0-301F-11D3-BF4B-00C04F79EFBC}") = "Playground.iOS", "Playground.iOS\Playground.iOS.csproj", "{4EF3B73F-563A-4852-B157-D39D49269062}"
EndProject
Global
	GlobalSection(SolutionConfigurationPlatforms) = preSolution
		Debug|Any CPU = Debug|Any CPU
		Debug|iPhone = Debug|iPhone
		Debug|iPhoneSimulator = Debug|iPhoneSimulator
		Release|Any CPU = Release|Any CPU
		Release|iPhone = Release|iPhone
		Release|iPhoneSimulator = Release|iPhoneSimulator
	EndGlobalSection
	GlobalSection(ProjectConfigurationPlatforms) = postSolution
		{EA2234AA-4F99-4CC1-9BBA-C5D29E730AE6}.Debug|Any CPU.ActiveCfg = Debug|Any CPU
		{EA2234AA-4F99-4CC1-9BBA-C5D29E730AE6}.Debug|Any CPU.Build.0 = Debug|Any CPU
		{EA2234AA-4F99-4CC1-9BBA-C5D29E730AE6}.Debug|iPhone.ActiveCfg = Debug|Any CPU
		{EA2234AA-4F99-4CC1-9BBA-C5D29E730AE6}.Debug|iPhone.Build.0 = Debug|Any CPU
		{EA2234AA-4F99-4CC1-9BBA-C5D29E730AE6}.Debug|iPhoneSimulator.ActiveCfg = Debug|Any CPU
		{EA2234AA-4F99-4CC1-9BBA-C5D29E730AE6}.Debug|iPhoneSimulator.Build.0 = Debug|Any CPU
		{EA2234AA-4F99-4CC1-9BBA-C5D29E730AE6}.Release|Any CPU.ActiveCfg = Release|Any CPU
		{EA2234AA-4F99-4CC1-9BBA-C5D29E730AE6}.Release|Any CPU.Build.0 = Release|Any CPU
		{EA2234AA-4F99-4CC1-9BBA-C5D29E730AE6}.Release|iPhone.ActiveCfg = Release|Any CPU
		{EA2234AA-4F99-4CC1-9BBA-C5D29E730AE6}.Release|iPhone.Build.0 = Release|Any CPU
		{EA2234AA-4F99-4CC1-9BBA-C5D29E730AE6}.Release|iPhoneSimulator.ActiveCfg = Release|Any CPU
		{EA2234AA-4F99-4CC1-9BBA-C5D29E730AE6}.Release|iPhoneSimulator.Build.0 = Release|Any CPU
		{1D75DD36-C765-4B27-8A80-AA4C1F854234}.Debug|Any CPU.ActiveCfg = Debug|Any CPU
		{1D75DD36-C765-4B27-8A80-AA4C1F854234}.Debug|Any CPU.Build.0 = Debug|Any CPU
		{1D75DD36-C765-4B27-8A80-AA4C1F854234}.Debug|Any CPU.Deploy.0 = Debug|Any CPU
		{1D75DD36-C765-4B27-8A80-AA4C1F854234}.Debug|iPhone.ActiveCfg = Release|Any CPU
		{1D75DD36-C765-4B27-8A80-AA4C1F854234}.Debug|iPhone.Build.0 = Release|Any CPU
		{1D75DD36-C765-4B27-8A80-AA4C1F854234}.Debug|iPhone.Deploy.0 = Release|Any CPU
		{1D75DD36-C765-4B27-8A80-AA4C1F854234}.Debug|iPhoneSimulator.ActiveCfg = Debug|Any CPU
		{1D75DD36-C765-4B27-8A80-AA4C1F854234}.Debug|iPhoneSimulator.Build.0 = Debug|Any CPU
		{1D75DD36-C765-4B27-8A80-AA4C1F854234}.Debug|iPhoneSimulator.Deploy.0 = Debug|Any CPU
		{1D75DD36-C765-4B27-8A80-AA4C1F854234}.Release|Any CPU.ActiveCfg = Release|Any CPU
		{1D75DD36-C765-4B27-8A80-AA4C1F854234}.Release|Any CPU.Build.0 = Release|Any CPU
		{1D75DD36-C765-4B27-8A80-AA4C1F854234}.Release|Any CPU.Deploy.0 = Release|Any CPU
		{1D75DD36-C765-4B27-8A80-AA4C1F854234}.Release|iPhone.ActiveCfg = Release|Any CPU
		{1D75DD36-C765-4B27-8A80-AA4C1F854234}.Release|iPhone.Build.0 = Release|Any CPU
		{1D75DD36-C765-4B27-8A80-AA4C1F854234}.Release|iPhone.Deploy.0 = Release|Any CPU
		{1D75DD36-C765-4B27-8A80-AA4C1F854234}.Release|iPhoneSimulator.ActiveCfg = Release|Any CPU
		{1D75DD36-C765-4B27-8A80-AA4C1F854234}.Release|iPhoneSimulator.Build.0 = Release|Any CPU
		{1D75DD36-C765-4B27-8A80-AA4C1F854234}.Release|iPhoneSimulator.Deploy.0 = Release|Any CPU
		{4EF3B73F-563A-4852-B157-D39D49269062}.Debug|Any CPU.ActiveCfg = Debug|iPhone
		{4EF3B73F-563A-4852-B157-D39D49269062}.Debug|iPhone.ActiveCfg = Release|iPhone
		{4EF3B73F-563A-4852-B157-D39D49269062}.Debug|iPhone.Build.0 = Release|iPhone
		{4EF3B73F-563A-4852-B157-D39D49269062}.Debug|iPhoneSimulator.ActiveCfg = Debug|iPhoneSimulator
		{4EF3B73F-563A-4852-B157-D39D49269062}.Release|Any CPU.ActiveCfg = Release|iPhone
		{4EF3B73F-563A-4852-B157-D39D49269062}.Release|iPhone.ActiveCfg = Release|iPhone
		{4EF3B73F-563A-4852-B157-D39D49269062}.Release|iPhone.Build.0 = Release|iPhone
		{4EF3B73F-563A-4852-B157-D39D49269062}.Release|iPhoneSimulator.ActiveCfg = Release|iPhoneSimulator
		{4EF3B73F-563A-4852-B157-D39D49269062}.Release|iPhoneSimulator.Build.0 = Release|iPhoneSimulator
	EndGlobalSection
	GlobalSection(SolutionProperties) = preSolution
		HideSolutionNode = FALSE
	EndGlobalSection
	GlobalSection(ExtensibilityGlobals) = postSolution
		SolutionGuid = {27BA7D81-5CDF-48F2-AA36-3907E3D13AEE}
	EndGlobalSection
EndGlobal
